PODS:
  - CurrencyText (2.1.2):
    - CurrencyText/CurrencyFormatter (= 2.1.2)
    - CurrencyText/CurrencyUITextField (= 2.1.2)
  - CurrencyText/CurrencyFormatter (2.1.2)
  - CurrencyText/CurrencyUITextField (2.1.2):
    - CurrencyText/CurrencyFormatter

DEPENDENCIES:
  - CurrencyText (from `../`)

EXTERNAL SOURCES:
  CurrencyText:
    :path: "../"

SPEC CHECKSUMS:
  CurrencyText: 2baef1b8b92327b8649c56006d3ad2ceeac4c2d6

PODFILE CHECKSUM: df4615e9ffd9b145be305d0646b76baa5210c056

COCOAPODS: 1.8.0
